// !$*UTF8*$!
{
	archiveVersion = 1;
	classes = {
	};
	objectVersion = 55;
	objects = {

/* Begin PBXBuildFile section */
		363807C028A00F3B001219BA /* EmojiData.swift in Sources */ = {isa = PBXBuildFile; fileRef = 363807BF28A00F3A001219BA /* EmojiData.swift */; };
		363807C228A00FED001219BA /* CategoryType+Ext.swift in Sources */ = {isa = PBXBuildFile; fileRef = 363807C128A00FED001219BA /* CategoryType+Ext.swift */; };
		363807C628A08F2B001219BA /* Date+Ext.swift in Sources */ = {isa = PBXBuildFile; fileRef = 363807C528A08F2B001219BA /* Date+Ext.swift */; };
		36AB1289289E109600436DE5 /* Account.swift in Sources */ = {isa = PBXBuildFile; fileRef = 36AB1288289E109600436DE5 /* Account.swift */; };
		36AB128B289E10B100436DE5 /* AccountRecord.swift in Sources */ = {isa = PBXBuildFile; fileRef = 36AB128A289E10B100436DE5 /* AccountRecord.swift */; };
		36AB128E289E10C600436DE5 /* AccountType.swift in Sources */ = {isa = PBXBuildFile; fileRef = 36AB128D289E10C600436DE5 /* AccountType.swift */; };
		36AB1290289E10D200436DE5 /* CategoryType.swift in Sources */ = {isa = PBXBuildFile; fileRef = 36AB128F289E10D200436DE5 /* CategoryType.swift */; };
		36AB1292289E10E000436DE5 /* Currency.swift in Sources */ = {isa = PBXBuildFile; fileRef = 36AB1291289E10E000436DE5 /* Currency.swift */; };
		36AB1294289E10ED00436DE5 /* Language.swift in Sources */ = {isa = PBXBuildFile; fileRef = 36AB1293289E10ED00436DE5 /* Language.swift */; };
		36AB1296289E10FD00436DE5 /* TopTransaction.swift in Sources */ = {isa = PBXBuildFile; fileRef = 36AB1295289E10FD00436DE5 /* TopTransaction.swift */; };
		36AB1298289E110900436DE5 /* Transaction.swift in Sources */ = {isa = PBXBuildFile; fileRef = 36AB1297289E110900436DE5 /* Transaction.swift */; };
		36AB129A289E111500436DE5 /* TransactionRecord.swift in Sources */ = {isa = PBXBuildFile; fileRef = 36AB1299289E111500436DE5 /* TransactionRecord.swift */; };
		36AB129C289E112000436DE5 /* TransactionType.swift in Sources */ = {isa = PBXBuildFile; fileRef = 36AB129B289E112000436DE5 /* TransactionType.swift */; };
		36AB129E289E112D00436DE5 /* TransactionWithAccount.swift in Sources */ = {isa = PBXBuildFile; fileRef = 36AB129D289E112D00436DE5 /* TransactionWithAccount.swift */; };
		36AB12A1289E164500436DE5 /* LanguageCode.swift in Sources */ = {isa = PBXBuildFile; fileRef = 36AB12A0289E164500436DE5 /* LanguageCode.swift */; };
		36AB12A9289E192700436DE5 /* TransactionDetailScreen.swift in Sources */ = {isa = PBXBuildFile; fileRef = 36AB12A8289E192700436DE5 /* TransactionDetailScreen.swift */; };
		36AB12AF289E3E9900436DE5 /* TransactionDetailCore.swift in Sources */ = {isa = PBXBuildFile; fileRef = 36AB12AE289E3E9900436DE5 /* TransactionDetailCore.swift */; };
		36AB12B5289E436A00436DE5 /* Localizable.strings in Resources */ = {isa = PBXBuildFile; fileRef = 36AB12B3289E436A00436DE5 /* Localizable.strings */; };
		36AB12B8289E437C00436DE5 /* Localizable.strings in Resources */ = {isa = PBXBuildFile; fileRef = 36AB12B6289E437C00436DE5 /* Localizable.strings */; };
		36AB12BB289E4DD400436DE5 /* TransactionDetailEffect.swift in Sources */ = {isa = PBXBuildFile; fileRef = 36AB12BA289E4DD400436DE5 /* TransactionDetailEffect.swift */; };
		36AB12C3289E997B00436DE5 /* ComposableArchitecture in Frameworks */ = {isa = PBXBuildFile; productRef = 36AB12C2289E997B00436DE5 /* ComposableArchitecture */; };
		36AB12C6289F2DCB00436DE5 /* Account+Ext.swift in Sources */ = {isa = PBXBuildFile; fileRef = 36AB12C5289F2DCB00436DE5 /* Account+Ext.swift */; };
		36AB12CA289F2F4A00436DE5 /* Currency+Ext.swift in Sources */ = {isa = PBXBuildFile; fileRef = 36AB12C9289F2F4A00436DE5 /* Currency+Ext.swift */; };
		36AB12CC289F336B00436DE5 /* Amount+Ext.swift in Sources */ = {isa = PBXBuildFile; fileRef = 36AB12CB289F336B00436DE5 /* Amount+Ext.swift */; };
		36E2043D28965BDD00BBC1B9 /* WalleeApp.swift in Sources */ = {isa = PBXBuildFile; fileRef = 36E2043C28965BDD00BBC1B9 /* WalleeApp.swift */; };
		36E2043F28965BDD00BBC1B9 /* ContentView.swift in Sources */ = {isa = PBXBuildFile; fileRef = 36E2043E28965BDD00BBC1B9 /* ContentView.swift */; };
		36E2044128965BDF00BBC1B9 /* Assets.xcassets in Resources */ = {isa = PBXBuildFile; fileRef = 36E2044028965BDF00BBC1B9 /* Assets.xcassets */; };
		36E2044428965BDF00BBC1B9 /* Preview Assets.xcassets in Resources */ = {isa = PBXBuildFile; fileRef = 36E2044328965BDF00BBC1B9 /* Preview Assets.xcassets */; };
		36E204502896606200BBC1B9 /* WalleeDb.xcdatamodeld in Sources */ = {isa = PBXBuildFile; fileRef = 36E2044E2896606200BBC1B9 /* WalleeDb.xcdatamodeld */; };
		36E204792896793800BBC1B9 /* AccountDb+CoreDataClass.swift in Sources */ = {isa = PBXBuildFile; fileRef = 36E204712896793800BBC1B9 /* AccountDb+CoreDataClass.swift */; };
		36E2047A2896793800BBC1B9 /* AccountDb+CoreDataProperties.swift in Sources */ = {isa = PBXBuildFile; fileRef = 36E204722896793800BBC1B9 /* AccountDb+CoreDataProperties.swift */; };
		36E2047B2896793800BBC1B9 /* TransactionDb+CoreDataClass.swift in Sources */ = {isa = PBXBuildFile; fileRef = 36E204732896793800BBC1B9 /* TransactionDb+CoreDataClass.swift */; };
		36E2047C2896793800BBC1B9 /* TransactionDb+CoreDataProperties.swift in Sources */ = {isa = PBXBuildFile; fileRef = 36E204742896793800BBC1B9 /* TransactionDb+CoreDataProperties.swift */; };
		36E2047D2896793800BBC1B9 /* TransactionRecordDb+CoreDataClass.swift in Sources */ = {isa = PBXBuildFile; fileRef = 36E204752896793800BBC1B9 /* TransactionRecordDb+CoreDataClass.swift */; };
		36E2047E2896793800BBC1B9 /* TransactionRecordDb+CoreDataProperties.swift in Sources */ = {isa = PBXBuildFile; fileRef = 36E204762896793800BBC1B9 /* TransactionRecordDb+CoreDataProperties.swift */; };
		36E2047F2896793800BBC1B9 /* AccountRecordDb+CoreDataClass.swift in Sources */ = {isa = PBXBuildFile; fileRef = 36E204772896793800BBC1B9 /* AccountRecordDb+CoreDataClass.swift */; };
		36E204802896793800BBC1B9 /* AccountRecordDb+CoreDataProperties.swift in Sources */ = {isa = PBXBuildFile; fileRef = 36E204782896793800BBC1B9 /* AccountRecordDb+CoreDataProperties.swift */; };
		36E2048328967DCA00BBC1B9 /* Loggr.swift in Sources */ = {isa = PBXBuildFile; fileRef = 36E2048228967DCA00BBC1B9 /* Loggr.swift */; };
		36E2048528967E6E00BBC1B9 /* Logging.swift in Sources */ = {isa = PBXBuildFile; fileRef = 36E2048428967E6E00BBC1B9 /* Logging.swift */; };
		36E204872896825E00BBC1B9 /* LogLevel.swift in Sources */ = {isa = PBXBuildFile; fileRef = 36E204862896825E00BBC1B9 /* LogLevel.swift */; };
		36E2048C2896AC3E00BBC1B9 /* WalleeAppDelegate.swift in Sources */ = {isa = PBXBuildFile; fileRef = 36E2048B2896AC3E00BBC1B9 /* WalleeAppDelegate.swift */; };
		36E204922898B63600BBC1B9 /* LocalModule.swift in Sources */ = {isa = PBXBuildFile; fileRef = 36E204912898B63600BBC1B9 /* LocalModule.swift */; };
		36E204942898BC5800BBC1B9 /* PersistentSync.swift in Sources */ = {isa = PBXBuildFile; fileRef = 36E204932898BC5800BBC1B9 /* PersistentSync.swift */; };
		36E204962898C28400BBC1B9 /* LocalError.swift in Sources */ = {isa = PBXBuildFile; fileRef = 36E204952898C28400BBC1B9 /* LocalError.swift */; };
		36E204992898FE8400BBC1B9 /* NSPersistentContainer+Extension.swift in Sources */ = {isa = PBXBuildFile; fileRef = 36E204982898FE8400BBC1B9 /* NSPersistentContainer+Extension.swift */; };
		36E2049F2899E2CA00BBC1B9 /* LoggrInitializer.swift in Sources */ = {isa = PBXBuildFile; fileRef = 36E2049E2899E2CA00BBC1B9 /* LoggrInitializer.swift */; };
		36E204A12899E6D400BBC1B9 /* PersistentSyncInitializer.swift in Sources */ = {isa = PBXBuildFile; fileRef = 36E204A02899E6D400BBC1B9 /* PersistentSyncInitializer.swift */; };
		36E204A42899E93C00BBC1B9 /* Initializer.swift in Sources */ = {isa = PBXBuildFile; fileRef = 36E204A32899E93C00BBC1B9 /* Initializer.swift */; };
		36E204AF289A05B900BBC1B9 /* FirebaseAnalyticsWithoutAdIdSupport in Frameworks */ = {isa = PBXBuildFile; productRef = 36E204AE289A05B900BBC1B9 /* FirebaseAnalyticsWithoutAdIdSupport */; };
		36E204B1289A05B900BBC1B9 /* FirebaseCrashlytics in Frameworks */ = {isa = PBXBuildFile; productRef = 36E204B0289A05B900BBC1B9 /* FirebaseCrashlytics */; };
		36E204B3289A05B900BBC1B9 /* FirebasePerformance in Frameworks */ = {isa = PBXBuildFile; productRef = 36E204B2289A05B900BBC1B9 /* FirebasePerformance */; };
		36E204B7289A09B700BBC1B9 /* FirebaseInitializer.swift in Sources */ = {isa = PBXBuildFile; fileRef = 36E204B6289A09B700BBC1B9 /* FirebaseInitializer.swift */; };
		36E204E5289A109400BBC1B9 /* debug in Resources */ = {isa = PBXBuildFile; fileRef = 36E204E3289A109400BBC1B9 /* debug */; };
		36E204E6289A109400BBC1B9 /* release in Resources */ = {isa = PBXBuildFile; fileRef = 36E204E4289A109400BBC1B9 /* release */; };
/* End PBXBuildFile section */

/* Begin PBXFileReference section */
		363807BF28A00F3A001219BA /* EmojiData.swift */ = {isa = PBXFileReference; lastKnownFileType = sourcecode.swift; path = EmojiData.swift; sourceTree = "<group>"; };
		363807C128A00FED001219BA /* CategoryType+Ext.swift */ = {isa = PBXFileReference; lastKnownFileType = sourcecode.swift; path = "CategoryType+Ext.swift"; sourceTree = "<group>"; };
		363807C528A08F2B001219BA /* Date+Ext.swift */ = {isa = PBXFileReference; lastKnownFileType = sourcecode.swift; path = "Date+Ext.swift"; sourceTree = "<group>"; };
		36AB1288289E109600436DE5 /* Account.swift */ = {isa = PBXFileReference; lastKnownFileType = sourcecode.swift; path = Account.swift; sourceTree = "<group>"; };
		36AB128A289E10B100436DE5 /* AccountRecord.swift */ = {isa = PBXFileReference; lastKnownFileType = sourcecode.swift; path = AccountRecord.swift; sourceTree = "<group>"; };
		36AB128D289E10C600436DE5 /* AccountType.swift */ = {isa = PBXFileReference; lastKnownFileType = sourcecode.swift; path = AccountType.swift; sourceTree = "<group>"; };
		36AB128F289E10D200436DE5 /* CategoryType.swift */ = {isa = PBXFileReference; lastKnownFileType = sourcecode.swift; path = CategoryType.swift; sourceTree = "<group>"; };
		36AB1291289E10E000436DE5 /* Currency.swift */ = {isa = PBXFileReference; lastKnownFileType = sourcecode.swift; path = Currency.swift; sourceTree = "<group>"; };
		36AB1293289E10ED00436DE5 /* Language.swift */ = {isa = PBXFileReference; lastKnownFileType = sourcecode.swift; path = Language.swift; sourceTree = "<group>"; };
		36AB1295289E10FD00436DE5 /* TopTransaction.swift */ = {isa = PBXFileReference; lastKnownFileType = sourcecode.swift; path = TopTransaction.swift; sourceTree = "<group>"; };
		36AB1297289E110900436DE5 /* Transaction.swift */ = {isa = PBXFileReference; lastKnownFileType = sourcecode.swift; path = Transaction.swift; sourceTree = "<group>"; };
		36AB1299289E111500436DE5 /* TransactionRecord.swift */ = {isa = PBXFileReference; lastKnownFileType = sourcecode.swift; path = TransactionRecord.swift; sourceTree = "<group>"; };
		36AB129B289E112000436DE5 /* TransactionType.swift */ = {isa = PBXFileReference; lastKnownFileType = sourcecode.swift; path = TransactionType.swift; sourceTree = "<group>"; };
		36AB129D289E112D00436DE5 /* TransactionWithAccount.swift */ = {isa = PBXFileReference; lastKnownFileType = sourcecode.swift; path = TransactionWithAccount.swift; sourceTree = "<group>"; };
		36AB12A0289E164500436DE5 /* LanguageCode.swift */ = {isa = PBXFileReference; lastKnownFileType = sourcecode.swift; path = LanguageCode.swift; sourceTree = "<group>"; };
		36AB12A8289E192700436DE5 /* TransactionDetailScreen.swift */ = {isa = PBXFileReference; lastKnownFileType = sourcecode.swift; path = TransactionDetailScreen.swift; sourceTree = "<group>"; };
		36AB12AE289E3E9900436DE5 /* TransactionDetailCore.swift */ = {isa = PBXFileReference; lastKnownFileType = sourcecode.swift; path = TransactionDetailCore.swift; sourceTree = "<group>"; };
		36AB12B4289E436A00436DE5 /* Base */ = {isa = PBXFileReference; lastKnownFileType = text.plist.strings; name = Base; path = Localizable.strings; sourceTree = "<group>"; };
		36AB12B7289E437C00436DE5 /* id */ = {isa = PBXFileReference; lastKnownFileType = text.plist.strings; name = id; path = Localizable.strings; sourceTree = "<group>"; };
		36AB12B9289E438D00436DE5 /* en */ = {isa = PBXFileReference; lastKnownFileType = text.plist.strings; name = en; path = ../en.lproj/Localizable.strings; sourceTree = "<group>"; };
		36AB12BA289E4DD400436DE5 /* TransactionDetailEffect.swift */ = {isa = PBXFileReference; lastKnownFileType = sourcecode.swift; path = TransactionDetailEffect.swift; sourceTree = "<group>"; };
		36AB12C5289F2DCB00436DE5 /* Account+Ext.swift */ = {isa = PBXFileReference; lastKnownFileType = sourcecode.swift; path = "Account+Ext.swift"; sourceTree = "<group>"; };
		36AB12C9289F2F4A00436DE5 /* Currency+Ext.swift */ = {isa = PBXFileReference; lastKnownFileType = sourcecode.swift; path = "Currency+Ext.swift"; sourceTree = "<group>"; };
		36AB12CB289F336B00436DE5 /* Amount+Ext.swift */ = {isa = PBXFileReference; lastKnownFileType = sourcecode.swift; path = "Amount+Ext.swift"; sourceTree = "<group>"; };
		36E2043928965BDD00BBC1B9 /* wallee.app */ = {isa = PBXFileReference; explicitFileType = wrapper.application; includeInIndex = 0; path = wallee.app; sourceTree = BUILT_PRODUCTS_DIR; };
		36E2043C28965BDD00BBC1B9 /* WalleeApp.swift */ = {isa = PBXFileReference; lastKnownFileType = sourcecode.swift; path = WalleeApp.swift; sourceTree = "<group>"; };
		36E2043E28965BDD00BBC1B9 /* ContentView.swift */ = {isa = PBXFileReference; lastKnownFileType = sourcecode.swift; path = ContentView.swift; sourceTree = "<group>"; };
		36E2044028965BDF00BBC1B9 /* Assets.xcassets */ = {isa = PBXFileReference; lastKnownFileType = folder.assetcatalog; path = Assets.xcassets; sourceTree = "<group>"; };
		36E2044328965BDF00BBC1B9 /* Preview Assets.xcassets */ = {isa = PBXFileReference; lastKnownFileType = folder.assetcatalog; path = "Preview Assets.xcassets"; sourceTree = "<group>"; };
		36E2044F2896606200BBC1B9 /* WalleeDb.xcdatamodel */ = {isa = PBXFileReference; lastKnownFileType = wrapper.xcdatamodel; path = WalleeDb.xcdatamodel; sourceTree = "<group>"; };
		36E204712896793800BBC1B9 /* AccountDb+CoreDataClass.swift */ = {isa = PBXFileReference; lastKnownFileType = sourcecode.swift; path = "AccountDb+CoreDataClass.swift"; sourceTree = "<group>"; };
		36E204722896793800BBC1B9 /* AccountDb+CoreDataProperties.swift */ = {isa = PBXFileReference; lastKnownFileType = sourcecode.swift; path = "AccountDb+CoreDataProperties.swift"; sourceTree = "<group>"; };
		36E204732896793800BBC1B9 /* TransactionDb+CoreDataClass.swift */ = {isa = PBXFileReference; lastKnownFileType = sourcecode.swift; path = "TransactionDb+CoreDataClass.swift"; sourceTree = "<group>"; };
		36E204742896793800BBC1B9 /* TransactionDb+CoreDataProperties.swift */ = {isa = PBXFileReference; lastKnownFileType = sourcecode.swift; path = "TransactionDb+CoreDataProperties.swift"; sourceTree = "<group>"; };
		36E204752896793800BBC1B9 /* TransactionRecordDb+CoreDataClass.swift */ = {isa = PBXFileReference; lastKnownFileType = sourcecode.swift; path = "TransactionRecordDb+CoreDataClass.swift"; sourceTree = "<group>"; };
		36E204762896793800BBC1B9 /* TransactionRecordDb+CoreDataProperties.swift */ = {isa = PBXFileReference; lastKnownFileType = sourcecode.swift; path = "TransactionRecordDb+CoreDataProperties.swift"; sourceTree = "<group>"; };
		36E204772896793800BBC1B9 /* AccountRecordDb+CoreDataClass.swift */ = {isa = PBXFileReference; lastKnownFileType = sourcecode.swift; path = "AccountRecordDb+CoreDataClass.swift"; sourceTree = "<group>"; };
		36E204782896793800BBC1B9 /* AccountRecordDb+CoreDataProperties.swift */ = {isa = PBXFileReference; lastKnownFileType = sourcecode.swift; path = "AccountRecordDb+CoreDataProperties.swift"; sourceTree = "<group>"; };
		36E2048228967DCA00BBC1B9 /* Loggr.swift */ = {isa = PBXFileReference; lastKnownFileType = sourcecode.swift; path = Loggr.swift; sourceTree = "<group>"; };
		36E2048428967E6E00BBC1B9 /* Logging.swift */ = {isa = PBXFileReference; lastKnownFileType = sourcecode.swift; path = Logging.swift; sourceTree = "<group>"; };
		36E204862896825E00BBC1B9 /* LogLevel.swift */ = {isa = PBXFileReference; lastKnownFileType = sourcecode.swift; path = LogLevel.swift; sourceTree = "<group>"; };
		36E2048B2896AC3E00BBC1B9 /* WalleeAppDelegate.swift */ = {isa = PBXFileReference; lastKnownFileType = sourcecode.swift; path = WalleeAppDelegate.swift; sourceTree = "<group>"; };
		36E2048F2896B47B00BBC1B9 /* Info.plist */ = {isa = PBXFileReference; lastKnownFileType = text.plist.xml; path = Info.plist; sourceTree = "<group>"; };
		36E204912898B63600BBC1B9 /* LocalModule.swift */ = {isa = PBXFileReference; lastKnownFileType = sourcecode.swift; path = LocalModule.swift; sourceTree = "<group>"; };
		36E204932898BC5800BBC1B9 /* PersistentSync.swift */ = {isa = PBXFileReference; lastKnownFileType = sourcecode.swift; path = PersistentSync.swift; sourceTree = "<group>"; };
		36E204952898C28400BBC1B9 /* LocalError.swift */ = {isa = PBXFileReference; lastKnownFileType = sourcecode.swift; path = LocalError.swift; sourceTree = "<group>"; };
		36E204982898FE8400BBC1B9 /* NSPersistentContainer+Extension.swift */ = {isa = PBXFileReference; lastKnownFileType = sourcecode.swift; path = "NSPersistentContainer+Extension.swift"; sourceTree = "<group>"; };
		36E2049E2899E2CA00BBC1B9 /* LoggrInitializer.swift */ = {isa = PBXFileReference; lastKnownFileType = sourcecode.swift; path = LoggrInitializer.swift; sourceTree = "<group>"; };
		36E204A02899E6D400BBC1B9 /* PersistentSyncInitializer.swift */ = {isa = PBXFileReference; lastKnownFileType = sourcecode.swift; path = PersistentSyncInitializer.swift; sourceTree = "<group>"; };
		36E204A32899E93C00BBC1B9 /* Initializer.swift */ = {isa = PBXFileReference; lastKnownFileType = sourcecode.swift; path = Initializer.swift; sourceTree = "<group>"; };
		36E204B6289A09B700BBC1B9 /* FirebaseInitializer.swift */ = {isa = PBXFileReference; lastKnownFileType = sourcecode.swift; path = FirebaseInitializer.swift; sourceTree = "<group>"; };
		36E204E3289A109400BBC1B9 /* debug */ = {isa = PBXFileReference; lastKnownFileType = folder; path = debug; sourceTree = "<group>"; };
		36E204E4289A109400BBC1B9 /* release */ = {isa = PBXFileReference; lastKnownFileType = folder; path = release; sourceTree = "<group>"; };
/* End PBXFileReference section */

/* Begin PBXFrameworksBuildPhase section */
		36E2043628965BDD00BBC1B9 /* Frameworks */ = {
			isa = PBXFrameworksBuildPhase;
			buildActionMask = 2147483647;
			files = (
				36E204AF289A05B900BBC1B9 /* FirebaseAnalyticsWithoutAdIdSupport in Frameworks */,
				36E204B1289A05B900BBC1B9 /* FirebaseCrashlytics in Frameworks */,
				36AB12C3289E997B00436DE5 /* ComposableArchitecture in Frameworks */,
				36E204B3289A05B900BBC1B9 /* FirebasePerformance in Frameworks */,
			);
			runOnlyForDeploymentPostprocessing = 0;
		};
/* End PBXFrameworksBuildPhase section */

/* Begin PBXGroup section */
		363807BE28A00F2C001219BA /* emoji */ = {
			isa = PBXGroup;
			children = (
				363807BF28A00F3A001219BA /* EmojiData.swift */,
			);
			path = emoji;
			sourceTree = "<group>";
		};
		36AB1287289E107C00436DE5 /* model */ = {
			isa = PBXGroup;
			children = (
				36AB1288289E109600436DE5 /* Account.swift */,
				36AB128A289E10B100436DE5 /* AccountRecord.swift */,
				36AB128D289E10C600436DE5 /* AccountType.swift */,
				36AB128F289E10D200436DE5 /* CategoryType.swift */,
				36AB1291289E10E000436DE5 /* Currency.swift */,
				36AB1293289E10ED00436DE5 /* Language.swift */,
				36AB1295289E10FD00436DE5 /* TopTransaction.swift */,
				36AB1297289E110900436DE5 /* Transaction.swift */,
				36AB1299289E111500436DE5 /* TransactionRecord.swift */,
				36AB129B289E112000436DE5 /* TransactionType.swift */,
				36AB129D289E112D00436DE5 /* TransactionWithAccount.swift */,
			);
			path = model;
			sourceTree = "<group>";
		};
		36AB129F289E163300436DE5 /* localization */ = {
			isa = PBXGroup;
			children = (
				36AB12A0289E164500436DE5 /* LanguageCode.swift */,
			);
			path = localization;
			sourceTree = "<group>";
		};
		36AB12A2289E18B400436DE5 /* feature */ = {
			isa = PBXGroup;
			children = (
				36AB12A3289E18CD00436DE5 /* transaction */,
			);
			path = feature;
			sourceTree = "<group>";
		};
		36AB12A3289E18CD00436DE5 /* transaction */ = {
			isa = PBXGroup;
			children = (
				36AB12A4289E18D600436DE5 /* detail */,
			);
			path = transaction;
			sourceTree = "<group>";
		};
		36AB12A4289E18D600436DE5 /* detail */ = {
			isa = PBXGroup;
			children = (
				36AB12A5289E18E000436DE5 /* data */,
				36AB12A6289E18E600436DE5 /* di */,
				36AB12A7289E18F100436DE5 /* ui */,
			);
			path = detail;
			sourceTree = "<group>";
		};
		36AB12A5289E18E000436DE5 /* data */ = {
			isa = PBXGroup;
			children = (
			);
			path = data;
			sourceTree = "<group>";
		};
		36AB12A6289E18E600436DE5 /* di */ = {
			isa = PBXGroup;
			children = (
			);
			path = di;
			sourceTree = "<group>";
		};
		36AB12A7289E18F100436DE5 /* ui */ = {
			isa = PBXGroup;
			children = (
				36AB12A8289E192700436DE5 /* TransactionDetailScreen.swift */,
				36AB12AE289E3E9900436DE5 /* TransactionDetailCore.swift */,
				36AB12BA289E4DD400436DE5 /* TransactionDetailEffect.swift */,
			);
			path = ui;
			sourceTree = "<group>";
		};
		36AB12B0289E411700436DE5 /* assets */ = {
			isa = PBXGroup;
			children = (
				36E2044028965BDF00BBC1B9 /* Assets.xcassets */,
				36AB12B1289E412E00436DE5 /* Base.lproj */,
				36AB12B2289E413B00436DE5 /* id.lproj */,
			);
			path = assets;
			sourceTree = "<group>";
		};
		36AB12B1289E412E00436DE5 /* Base.lproj */ = {
			isa = PBXGroup;
			children = (
				36AB12B3289E436A00436DE5 /* Localizable.strings */,
			);
			path = Base.lproj;
			sourceTree = "<group>";
		};
		36AB12B2289E413B00436DE5 /* id.lproj */ = {
			isa = PBXGroup;
			children = (
				36AB12B6289E437C00436DE5 /* Localizable.strings */,
			);
			path = id.lproj;
			sourceTree = "<group>";
		};
		36AB12C4289F2DAD00436DE5 /* extension */ = {
			isa = PBXGroup;
			children = (
				36AB12C5289F2DCB00436DE5 /* Account+Ext.swift */,
				36AB12C9289F2F4A00436DE5 /* Currency+Ext.swift */,
				36AB12CB289F336B00436DE5 /* Amount+Ext.swift */,
				363807C128A00FED001219BA /* CategoryType+Ext.swift */,
				363807C528A08F2B001219BA /* Date+Ext.swift */,
			);
			path = extension;
			sourceTree = "<group>";
		};
		36E2043028965BDD00BBC1B9 = {
			isa = PBXGroup;
			children = (
				36E2043B28965BDD00BBC1B9 /* wallee */,
				36E2043A28965BDD00BBC1B9 /* Products */,
			);
			sourceTree = "<group>";
		};
		36E2043A28965BDD00BBC1B9 /* Products */ = {
			isa = PBXGroup;
			children = (
				36E2043928965BDD00BBC1B9 /* wallee.app */,
			);
			name = Products;
			sourceTree = "<group>";
		};
		36E2043B28965BDD00BBC1B9 /* wallee */ = {
			isa = PBXGroup;
			children = (
				36AB12B0289E411700436DE5 /* assets */,
				36E2048F2896B47B00BBC1B9 /* Info.plist */,
				36E204E3289A109400BBC1B9 /* debug */,
				36E204E4289A109400BBC1B9 /* release */,
				36E2044228965BDF00BBC1B9 /* Preview Content */,
				36E2048A2896A73500BBC1B9 /* runtime */,
				36AB12A2289E18B400436DE5 /* feature */,
				36AB1287289E107C00436DE5 /* model */,
				36E2044A28965DE300BBC1B9 /* foundation */,
			);
			path = wallee;
			sourceTree = "<group>";
		};
		36E2044228965BDF00BBC1B9 /* Preview Content */ = {
			isa = PBXGroup;
			children = (
				36E2044328965BDF00BBC1B9 /* Preview Assets.xcassets */,
			);
			path = "Preview Content";
			sourceTree = "<group>";
		};
		36E2044A28965DE300BBC1B9 /* foundation */ = {
			isa = PBXGroup;
			children = (
				363807BE28A00F2C001219BA /* emoji */,
				36AB12C4289F2DAD00436DE5 /* extension */,
				36AB129F289E163300436DE5 /* localization */,
				36E2048128967D9E00BBC1B9 /* logger */,
				36E2044B28965E0100BBC1B9 /* datasource */,
				36E204A22899E92B00BBC1B9 /* startup */,
			);
			path = foundation;
			sourceTree = "<group>";
		};
		36E2044B28965E0100BBC1B9 /* datasource */ = {
			isa = PBXGroup;
			children = (
				36E204902898B61E00BBC1B9 /* di */,
				36E204972898FE4900BBC1B9 /* extension */,
				36E2044C28965E1300BBC1B9 /* local */,
				36E2044D28965E1B00BBC1B9 /* preference */,
			);
			path = datasource;
			sourceTree = "<group>";
		};
		36E2044C28965E1300BBC1B9 /* local */ = {
			isa = PBXGroup;
			children = (
				36E204932898BC5800BBC1B9 /* PersistentSync.swift */,
				36E204952898C28400BBC1B9 /* LocalError.swift */,
				36E204712896793800BBC1B9 /* AccountDb+CoreDataClass.swift */,
				36E204732896793800BBC1B9 /* TransactionDb+CoreDataClass.swift */,
				36E204772896793800BBC1B9 /* AccountRecordDb+CoreDataClass.swift */,
				36E204752896793800BBC1B9 /* TransactionRecordDb+CoreDataClass.swift */,
				36E204722896793800BBC1B9 /* AccountDb+CoreDataProperties.swift */,
				36E204742896793800BBC1B9 /* TransactionDb+CoreDataProperties.swift */,
				36E204762896793800BBC1B9 /* TransactionRecordDb+CoreDataProperties.swift */,
				36E204782896793800BBC1B9 /* AccountRecordDb+CoreDataProperties.swift */,
				36E2044E2896606200BBC1B9 /* WalleeDb.xcdatamodeld */,
			);
			path = local;
			sourceTree = "<group>";
		};
		36E2044D28965E1B00BBC1B9 /* preference */ = {
			isa = PBXGroup;
			children = (
			);
			path = preference;
			sourceTree = "<group>";
		};
		36E2048128967D9E00BBC1B9 /* logger */ = {
			isa = PBXGroup;
			children = (
				36E2048228967DCA00BBC1B9 /* Loggr.swift */,
				36E2048428967E6E00BBC1B9 /* Logging.swift */,
				36E204862896825E00BBC1B9 /* LogLevel.swift */,
			);
			path = logger;
			sourceTree = "<group>";
		};
		36E2048A2896A73500BBC1B9 /* runtime */ = {
			isa = PBXGroup;
			children = (
				36E2049D2899E2A500BBC1B9 /* initializer */,
				36E2048B2896AC3E00BBC1B9 /* WalleeAppDelegate.swift */,
				36E2043C28965BDD00BBC1B9 /* WalleeApp.swift */,
				36E2043E28965BDD00BBC1B9 /* ContentView.swift */,
			);
			path = runtime;
			sourceTree = "<group>";
		};
		36E204902898B61E00BBC1B9 /* di */ = {
			isa = PBXGroup;
			children = (
				36E204912898B63600BBC1B9 /* LocalModule.swift */,
			);
			path = di;
			sourceTree = "<group>";
		};
		36E204972898FE4900BBC1B9 /* extension */ = {
			isa = PBXGroup;
			children = (
				36E204982898FE8400BBC1B9 /* NSPersistentContainer+Extension.swift */,
			);
			path = extension;
			sourceTree = "<group>";
		};
		36E2049D2899E2A500BBC1B9 /* initializer */ = {
			isa = PBXGroup;
			children = (
				36E204B6289A09B700BBC1B9 /* FirebaseInitializer.swift */,
				36E2049E2899E2CA00BBC1B9 /* LoggrInitializer.swift */,
				36E204A02899E6D400BBC1B9 /* PersistentSyncInitializer.swift */,
			);
			path = initializer;
			sourceTree = "<group>";
		};
		36E204A22899E92B00BBC1B9 /* startup */ = {
			isa = PBXGroup;
			children = (
				36E204A32899E93C00BBC1B9 /* Initializer.swift */,
			);
			path = startup;
			sourceTree = "<group>";
		};
/* End PBXGroup section */

/* Begin PBXNativeTarget section */
		36E2043828965BDD00BBC1B9 /* wallee */ = {
			isa = PBXNativeTarget;
			buildConfigurationList = 36E2044728965BDF00BBC1B9 /* Build configuration list for PBXNativeTarget "wallee" */;
			buildPhases = (
				36E2043528965BDD00BBC1B9 /* Sources */,
				36E2043628965BDD00BBC1B9 /* Frameworks */,
				36E2043728965BDD00BBC1B9 /* Resources */,
				36E204E7289A11D000BBC1B9 /* Firebase Script */,
				36E204E9289A573300BBC1B9 /* Crashlytics Script */,
			);
			buildRules = (
			);
			dependencies = (
			);
			name = wallee;
			packageProductDependencies = (
				36E204AE289A05B900BBC1B9 /* FirebaseAnalyticsWithoutAdIdSupport */,
				36E204B0289A05B900BBC1B9 /* FirebaseCrashlytics */,
				36E204B2289A05B900BBC1B9 /* FirebasePerformance */,
				36AB12C2289E997B00436DE5 /* ComposableArchitecture */,
			);
			productName = wallee;
			productReference = 36E2043928965BDD00BBC1B9 /* wallee.app */;
			productType = "com.apple.product-type.application";
		};
/* End PBXNativeTarget section */

/* Begin PBXProject section */
		36E2043128965BDD00BBC1B9 /* Project object */ = {
			isa = PBXProject;
			attributes = {
				BuildIndependentTargetsInParallel = 1;
				LastSwiftUpdateCheck = 1320;
				LastUpgradeCheck = 1320;
				TargetAttributes = {
					36E2043828965BDD00BBC1B9 = {
						CreatedOnToolsVersion = 13.2.1;
					};
				};
			};
			buildConfigurationList = 36E2043428965BDD00BBC1B9 /* Build configuration list for PBXProject "wallee" */;
			compatibilityVersion = "Xcode 13.0";
			developmentRegion = en;
			hasScannedForEncodings = 0;
			knownRegions = (
				en,
				id,
				Base,
			);
			mainGroup = 36E2043028965BDD00BBC1B9;
			packageReferences = (
				36E204AD289A05B900BBC1B9 /* XCRemoteSwiftPackageReference "firebase-ios-sdk" */,
				36AB12C1289E997B00436DE5 /* XCRemoteSwiftPackageReference "swift-composable-architecture" */,
			);
			productRefGroup = 36E2043A28965BDD00BBC1B9 /* Products */;
			projectDirPath = "";
			projectRoot = "";
			targets = (
				36E2043828965BDD00BBC1B9 /* wallee */,
			);
		};
/* End PBXProject section */

/* Begin PBXResourcesBuildPhase section */
		36E2043728965BDD00BBC1B9 /* Resources */ = {
			isa = PBXResourcesBuildPhase;
			buildActionMask = 2147483647;
			files = (
				36AB12B5289E436A00436DE5 /* Localizable.strings in Resources */,
				36AB12B8289E437C00436DE5 /* Localizable.strings in Resources */,
				36E204E6289A109400BBC1B9 /* release in Resources */,
				36E204E5289A109400BBC1B9 /* debug in Resources */,
				36E2044428965BDF00BBC1B9 /* Preview Assets.xcassets in Resources */,
				36E2044128965BDF00BBC1B9 /* Assets.xcassets in Resources */,
			);
			runOnlyForDeploymentPostprocessing = 0;
		};
/* End PBXResourcesBuildPhase section */

/* Begin PBXShellScriptBuildPhase section */
		36E204E7289A11D000BBC1B9 /* Firebase Script */ = {
			isa = PBXShellScriptBuildPhase;
			buildActionMask = 2147483647;
			files = (
			);
			inputFileListPaths = (
			);
			inputPaths = (
			);
			name = "Firebase Script";
			outputFileListPaths = (
			);
			outputPaths = (
			);
			runOnlyForDeploymentPostprocessing = 0;
			shellPath = /bin/sh;
			shellScript = "INFO_PLIST=GoogleService-Info.plist\nDEVELOPMENT_INFO_PLIST=${PROJECT_DIR}/${TARGET_NAME}/debug/${INFO_PLIST}\nRELEASE_INFO_PLIST=${PROJECT_DIR}/${TARGET_NAME}/release/${INFO_PLIST}\necho \"Checking ${INFO_PLIST} in ${DEVELOPMENT_INFO_PLIST}\"\nif [ ! -f $DEVELOPMENT_INFO_PLIST ] ; then\necho \"Development GoogleService-Info.plist not found.\"\nexit 1\nfi\necho \"Checking ${INFO_PLIST} in ${RELEASE_INFO_PLIST}\"\nif [ ! -f $RELEASE_INFO_PLIST ] ; then\necho \"Release GoogleService-Info.plist not found.\"\nexit 1\nfi\nPLIST_DESTINATION=${BUILT_PRODUCTS_DIR}/${PRODUCT_NAME}.app\necho \"Config ${CONFIGURATION}\"\necho \"Copying ${INFO_PLIST} to final destination: ${PLIST_DESTINATION}\"\nif [ \"${CONFIGURATION}\" == \"Release\" ] ; then\necho \"Copied ${RELEASE_INFO_PLIST}.\"\ncp \"${RELEASE_INFO_PLIST}\" \"${PLIST_DESTINATION}\"\nelse\necho \"Copied ${DEVELOPMENT_INFO_PLIST}.\"\ncp \"${DEVELOPMENT_INFO_PLIST}\" \"${PLIST_DESTINATION}\"\nfi\n";
		};
		36E204E9289A573300BBC1B9 /* Crashlytics Script */ = {
			isa = PBXShellScriptBuildPhase;
			buildActionMask = 2147483647;
			files = (
			);
			inputFileListPaths = (
			);
			inputPaths = (
				"${DWARF_DSYM_FOLDER_PATH}/${DWARF_DSYM_FILE_NAME}/Contents/Resources/DWARF/${TARGET_NAME}",
				"$(BUILT_PRODUCTS_DIR)/$(INFOPLIST_PATH)",
			);
			name = "Crashlytics Script";
			outputFileListPaths = (
			);
			outputPaths = (
			);
			runOnlyForDeploymentPostprocessing = 0;
			shellPath = /bin/sh;
			shellScript = "#  Figure out where we're being called from\nDIR=$( cd \"${BUILD_DIR%/Build/*}/SourcePackages/checkouts/firebase-ios-sdk/Crashlytics\" && pwd )\n\n#  Build up the arguments list, passing through any flags added, and quoting\n#  every argument in case there are spaces in any of the paths.\nARGUMENTS=''\nfor i in \"$@\"; do\n  ARGUMENTS=\"$ARGUMENTS \\\"$i\\\"\"\ndone\n\nVALIDATE_ARGUMENTS=\"$ARGUMENTS --build-phase --validate\"\nUPLOAD_ARGUMENTS=\"$ARGUMENTS --build-phase\"\n\n# Quote the path to handle folders with special characters\nCOMMAND_PATH=\"\\\"$DIR/upload-symbols\\\" \"\n\n#  Ensure params are as expected, run in sync mode to validate,\n#  and cause a build error if validation fails\n\necho \"VALIDATE_ARGUMENTS: ${VALIDATE_ARGUMENTS}\"\n\necho \"COMMAND_PATH ${COMMAND_PATH}\"\n\neval $COMMAND_PATH$VALIDATE_ARGUMENTS\nreturn_code=$?\n\nif [[ $return_code != 0 ]]; then\n  exit $return_code\nfi\n\n#  Verification passed, convert and upload dSYMs in the background to prevent\n#  build delays\n#\n#  Note: Validation is performed again at this step before upload\n#\n#  Note: Output can still be found in Console.app, by searching for\n#        \"upload-symbols\"\n#\neval $COMMAND_PATH$UPLOAD_ARGUMENTS > /dev/null 2>&1 &\n";
		};
/* End PBXShellScriptBuildPhase section */

/* Begin PBXSourcesBuildPhase section */
		36E2043528965BDD00BBC1B9 /* Sources */ = {
			isa = PBXSourcesBuildPhase;
			buildActionMask = 2147483647;
			files = (
				36AB129E289E112D00436DE5 /* TransactionWithAccount.swift in Sources */,
				36E2047E2896793800BBC1B9 /* TransactionRecordDb+CoreDataProperties.swift in Sources */,
				36E2048528967E6E00BBC1B9 /* Logging.swift in Sources */,
				36AB12BB289E4DD400436DE5 /* TransactionDetailEffect.swift in Sources */,
				363807C028A00F3B001219BA /* EmojiData.swift in Sources */,
				363807C228A00FED001219BA /* CategoryType+Ext.swift in Sources */,
				36AB1296289E10FD00436DE5 /* TopTransaction.swift in Sources */,
				36E204942898BC5800BBC1B9 /* PersistentSync.swift in Sources */,
				36AB12A9289E192700436DE5 /* TransactionDetailScreen.swift in Sources */,
				36AB1294289E10ED00436DE5 /* Language.swift in Sources */,
				36AB128E289E10C600436DE5 /* AccountType.swift in Sources */,
				36E2047B2896793800BBC1B9 /* TransactionDb+CoreDataClass.swift in Sources */,
				36E2047F2896793800BBC1B9 /* AccountRecordDb+CoreDataClass.swift in Sources */,
				36AB1289289E109600436DE5 /* Account.swift in Sources */,
				36E204992898FE8400BBC1B9 /* NSPersistentContainer+Extension.swift in Sources */,
				36AB12A1289E164500436DE5 /* LanguageCode.swift in Sources */,
				36AB1290289E10D200436DE5 /* CategoryType.swift in Sources */,
				36E2047D2896793800BBC1B9 /* TransactionRecordDb+CoreDataClass.swift in Sources */,
				36E2047A2896793800BBC1B9 /* AccountDb+CoreDataProperties.swift in Sources */,
				36E2047C2896793800BBC1B9 /* TransactionDb+CoreDataProperties.swift in Sources */,
				36AB1292289E10E000436DE5 /* Currency.swift in Sources */,
				36AB12CC289F336B00436DE5 /* Amount+Ext.swift in Sources */,
				36E2043F28965BDD00BBC1B9 /* ContentView.swift in Sources */,
				36E204922898B63600BBC1B9 /* LocalModule.swift in Sources */,
				36E2048C2896AC3E00BBC1B9 /* WalleeAppDelegate.swift in Sources */,
				36E204B7289A09B700BBC1B9 /* FirebaseInitializer.swift in Sources */,
				36AB12AF289E3E9900436DE5 /* TransactionDetailCore.swift in Sources */,
				36E204962898C28400BBC1B9 /* LocalError.swift in Sources */,
				36E204872896825E00BBC1B9 /* LogLevel.swift in Sources */,
				36AB1298289E110900436DE5 /* Transaction.swift in Sources */,
				36E204A12899E6D400BBC1B9 /* PersistentSyncInitializer.swift in Sources */,
				36AB129A289E111500436DE5 /* TransactionRecord.swift in Sources */,
				36AB12CA289F2F4A00436DE5 /* Currency+Ext.swift in Sources */,
				36E204502896606200BBC1B9 /* WalleeDb.xcdatamodeld in Sources */,
				36AB12C6289F2DCB00436DE5 /* Account+Ext.swift in Sources */,
				36E204A42899E93C00BBC1B9 /* Initializer.swift in Sources */,
				36E204802896793800BBC1B9 /* AccountRecordDb+CoreDataProperties.swift in Sources */,
				36E2048328967DCA00BBC1B9 /* Loggr.swift in Sources */,
				36E2043D28965BDD00BBC1B9 /* WalleeApp.swift in Sources */,
				363807C628A08F2B001219BA /* Date+Ext.swift in Sources */,
				36E2049F2899E2CA00BBC1B9 /* LoggrInitializer.swift in Sources */,
				36AB128B289E10B100436DE5 /* AccountRecord.swift in Sources */,
				36AB129C289E112000436DE5 /* TransactionType.swift in Sources */,
				36E204792896793800BBC1B9 /* AccountDb+CoreDataClass.swift in Sources */,
			);
			runOnlyForDeploymentPostprocessing = 0;
		};
/* End PBXSourcesBuildPhase section */

/* Begin PBXVariantGroup section */
		36AB12B3289E436A00436DE5 /* Localizable.strings */ = {
			isa = PBXVariantGroup;
			children = (
				36AB12B4289E436A00436DE5 /* Base */,
				36AB12B9289E438D00436DE5 /* en */,
			);
			name = Localizable.strings;
			sourceTree = "<group>";
		};
		36AB12B6289E437C00436DE5 /* Localizable.strings */ = {
			isa = PBXVariantGroup;
			children = (
				36AB12B7289E437C00436DE5 /* id */,
			);
			name = Localizable.strings;
			sourceTree = "<group>";
			usesTabs = 0;
		};
/* End PBXVariantGroup section */

/* Begin XCBuildConfiguration section */
		36E2044528965BDF00BBC1B9 /* Debug */ = {
			isa = XCBuildConfiguration;
			buildSettings = {
				ALWAYS_SEARCH_USER_PATHS = NO;
				APP_DISPLAY_NAME = "Wallee Debug";
				CLANG_ANALYZER_NONNULL = YES;
				CLANG_ANALYZER_NUMBER_OBJECT_CONVERSION = YES_AGGRESSIVE;
				CLANG_CXX_LANGUAGE_STANDARD = "gnu++17";
				CLANG_CXX_LIBRARY = "libc++";
				CLANG_ENABLE_MODULES = YES;
				CLANG_ENABLE_OBJC_ARC = YES;
				CLANG_ENABLE_OBJC_WEAK = YES;
				CLANG_WARN_BLOCK_CAPTURE_AUTORELEASING = YES;
				CLANG_WARN_BOOL_CONVERSION = YES;
				CLANG_WARN_COMMA = YES;
				CLANG_WARN_CONSTANT_CONVERSION = YES;
				CLANG_WARN_DEPRECATED_OBJC_IMPLEMENTATIONS = YES;
				CLANG_WARN_DIRECT_OBJC_ISA_USAGE = YES_ERROR;
				CLANG_WARN_DOCUMENTATION_COMMENTS = YES;
				CLANG_WARN_EMPTY_BODY = YES;
				CLANG_WARN_ENUM_CONVERSION = YES;
				CLANG_WARN_INFINITE_RECURSION = YES;
				CLANG_WARN_INT_CONVERSION = YES;
				CLANG_WARN_NON_LITERAL_NULL_CONVERSION = YES;
				CLANG_WARN_OBJC_IMPLICIT_RETAIN_SELF = YES;
				CLANG_WARN_OBJC_LITERAL_CONVERSION = YES;
				CLANG_WARN_OBJC_ROOT_CLASS = YES_ERROR;
				CLANG_WARN_QUOTED_INCLUDE_IN_FRAMEWORK_HEADER = YES;
				CLANG_WARN_RANGE_LOOP_ANALYSIS = YES;
				CLANG_WARN_STRICT_PROTOTYPES = YES;
				CLANG_WARN_SUSPICIOUS_MOVE = YES;
				CLANG_WARN_UNGUARDED_AVAILABILITY = YES_AGGRESSIVE;
				CLANG_WARN_UNREACHABLE_CODE = YES;
				CLANG_WARN__DUPLICATE_METHOD_MATCH = YES;
				COPY_PHASE_STRIP = NO;
				DEBUG_INFORMATION_FORMAT = "dwarf-with-dsym";
				ENABLE_STRICT_OBJC_MSGSEND = YES;
				ENABLE_TESTABILITY = YES;
				GCC_C_LANGUAGE_STANDARD = gnu11;
				GCC_DYNAMIC_NO_PIC = NO;
				GCC_NO_COMMON_BLOCKS = YES;
				GCC_OPTIMIZATION_LEVEL = 0;
				GCC_PREPROCESSOR_DEFINITIONS = (
					"DEBUG=1",
					"$(inherited)",
				);
				GCC_WARN_64_TO_32_BIT_CONVERSION = YES;
				GCC_WARN_ABOUT_RETURN_TYPE = YES_ERROR;
				GCC_WARN_UNDECLARED_SELECTOR = YES;
				GCC_WARN_UNINITIALIZED_AUTOS = YES_AGGRESSIVE;
				GCC_WARN_UNUSED_FUNCTION = YES;
				GCC_WARN_UNUSED_VARIABLE = YES;
				IPHONEOS_DEPLOYMENT_TARGET = 15.0;
				MTL_ENABLE_DEBUG_INFO = INCLUDE_SOURCE;
				MTL_FAST_MATH = YES;
				ONLY_ACTIVE_ARCH = YES;
				SDKROOT = iphoneos;
				SWIFT_ACTIVE_COMPILATION_CONDITIONS = DEBUG;
				SWIFT_EMIT_LOC_STRINGS = YES;
				SWIFT_OPTIMIZATION_LEVEL = "-Onone";
			};
			name = Debug;
		};
		36E2044628965BDF00BBC1B9 /* Release */ = {
			isa = XCBuildConfiguration;
			buildSettings = {
				ALWAYS_SEARCH_USER_PATHS = NO;
				APP_DISPLAY_NAME = Wallee;
				CLANG_ANALYZER_NONNULL = YES;
				CLANG_ANALYZER_NUMBER_OBJECT_CONVERSION = YES_AGGRESSIVE;
				CLANG_CXX_LANGUAGE_STANDARD = "gnu++17";
				CLANG_CXX_LIBRARY = "libc++";
				CLANG_ENABLE_MODULES = YES;
				CLANG_ENABLE_OBJC_ARC = YES;
				CLANG_ENABLE_OBJC_WEAK = YES;
				CLANG_WARN_BLOCK_CAPTURE_AUTORELEASING = YES;
				CLANG_WARN_BOOL_CONVERSION = YES;
				CLANG_WARN_COMMA = YES;
				CLANG_WARN_CONSTANT_CONVERSION = YES;
				CLANG_WARN_DEPRECATED_OBJC_IMPLEMENTATIONS = YES;
				CLANG_WARN_DIRECT_OBJC_ISA_USAGE = YES_ERROR;
				CLANG_WARN_DOCUMENTATION_COMMENTS = YES;
				CLANG_WARN_EMPTY_BODY = YES;
				CLANG_WARN_ENUM_CONVERSION = YES;
				CLANG_WARN_INFINITE_RECURSION = YES;
				CLANG_WARN_INT_CONVERSION = YES;
				CLANG_WARN_NON_LITERAL_NULL_CONVERSION = YES;
				CLANG_WARN_OBJC_IMPLICIT_RETAIN_SELF = YES;
				CLANG_WARN_OBJC_LITERAL_CONVERSION = YES;
				CLANG_WARN_OBJC_ROOT_CLASS = YES_ERROR;
				CLANG_WARN_QUOTED_INCLUDE_IN_FRAMEWORK_HEADER = YES;
				CLANG_WARN_RANGE_LOOP_ANALYSIS = YES;
				CLANG_WARN_STRICT_PROTOTYPES = YES;
				CLANG_WARN_SUSPICIOUS_MOVE = YES;
				CLANG_WARN_UNGUARDED_AVAILABILITY = YES_AGGRESSIVE;
				CLANG_WARN_UNREACHABLE_CODE = YES;
				CLANG_WARN__DUPLICATE_METHOD_MATCH = YES;
				COPY_PHASE_STRIP = NO;
				DEBUG_INFORMATION_FORMAT = "dwarf-with-dsym";
				ENABLE_NS_ASSERTIONS = NO;
				ENABLE_STRICT_OBJC_MSGSEND = YES;
				GCC_C_LANGUAGE_STANDARD = gnu11;
				GCC_NO_COMMON_BLOCKS = YES;
				GCC_WARN_64_TO_32_BIT_CONVERSION = YES;
				GCC_WARN_ABOUT_RETURN_TYPE = YES_ERROR;
				GCC_WARN_UNDECLARED_SELECTOR = YES;
				GCC_WARN_UNINITIALIZED_AUTOS = YES_AGGRESSIVE;
				GCC_WARN_UNUSED_FUNCTION = YES;
				GCC_WARN_UNUSED_VARIABLE = YES;
				IPHONEOS_DEPLOYMENT_TARGET = 15.0;
				MTL_ENABLE_DEBUG_INFO = NO;
				MTL_FAST_MATH = YES;
				SDKROOT = iphoneos;
				SWIFT_COMPILATION_MODE = wholemodule;
				SWIFT_EMIT_LOC_STRINGS = YES;
				SWIFT_OPTIMIZATION_LEVEL = "-O";
				VALIDATE_PRODUCT = YES;
			};
			name = Release;
		};
		36E2044828965BDF00BBC1B9 /* Debug */ = {
			isa = XCBuildConfiguration;
			buildSettings = {
				ASSETCATALOG_COMPILER_APPICON_NAME = AppIcon;
				ASSETCATALOG_COMPILER_GLOBAL_ACCENT_COLOR_NAME = AccentColor;
				ASSETCATALOG_COMPILER_INCLUDE_ALL_APPICON_ASSETS = NO;
				CODE_SIGN_STYLE = Automatic;
				CURRENT_PROJECT_VERSION = 1;
				DEBUG_INFORMATION_FORMAT = "dwarf-with-dsym";
				DEVELOPMENT_ASSET_PATHS = "\"wallee/Preview Content\"";
				DEVELOPMENT_TEAM = Y225V8UXTQ;
				ENABLE_PREVIEWS = YES;
				GENERATE_INFOPLIST_FILE = YES;
				INFOPLIST_FILE = wallee/Info.plist;
				INFOPLIST_KEY_UIApplicationSceneManifest_Generation = YES;
				INFOPLIST_KEY_UIApplicationSupportsIndirectInputEvents = YES;
				INFOPLIST_KEY_UILaunchScreen_Generation = YES;
				INFOPLIST_KEY_UISupportedInterfaceOrientations_iPad = "UIInterfaceOrientationPortrait UIInterfaceOrientationPortraitUpsideDown UIInterfaceOrientationLandscapeLeft UIInterfaceOrientationLandscapeRight";
				INFOPLIST_KEY_UISupportedInterfaceOrientations_iPhone = "UIInterfaceOrientationPortrait UIInterfaceOrientationLandscapeLeft UIInterfaceOrientationLandscapeRight";
				LD_RUNPATH_SEARCH_PATHS = (
					"$(inherited)",
					"@executable_path/Frameworks",
				);
				MARKETING_VERSION = 1.0;
				OTHER_LDFLAGS = "";
				"OTHER_LDFLAGS[arch=*]" = "-ObjC";
				PRODUCT_BUNDLE_IDENTIFIER = com.wisnu.kurniawan.wallee.debug;
				PRODUCT_NAME = "$(TARGET_NAME)";
				SWIFT_EMIT_LOC_STRINGS = YES;
				SWIFT_VERSION = 5.0;
				TARGETED_DEVICE_FAMILY = "1,2";
			};
			name = Debug;
		};
		36E2044928965BDF00BBC1B9 /* Release */ = {
			isa = XCBuildConfiguration;
			buildSettings = {
				ASSETCATALOG_COMPILER_APPICON_NAME = AppIcon;
				ASSETCATALOG_COMPILER_GLOBAL_ACCENT_COLOR_NAME = AccentColor;
				ASSETCATALOG_COMPILER_INCLUDE_ALL_APPICON_ASSETS = NO;
				CODE_SIGN_STYLE = Automatic;
				CURRENT_PROJECT_VERSION = 1;
				DEVELOPMENT_ASSET_PATHS = "\"wallee/Preview Content\"";
				DEVELOPMENT_TEAM = Y225V8UXTQ;
				ENABLE_PREVIEWS = YES;
				GENERATE_INFOPLIST_FILE = YES;
				INFOPLIST_FILE = wallee/Info.plist;
				INFOPLIST_KEY_UIApplicationSceneManifest_Generation = YES;
				INFOPLIST_KEY_UIApplicationSupportsIndirectInputEvents = YES;
				INFOPLIST_KEY_UILaunchScreen_Generation = YES;
				INFOPLIST_KEY_UISupportedInterfaceOrientations_iPad = "UIInterfaceOrientationPortrait UIInterfaceOrientationPortraitUpsideDown UIInterfaceOrientationLandscapeLeft UIInterfaceOrientationLandscapeRight";
				INFOPLIST_KEY_UISupportedInterfaceOrientations_iPhone = "UIInterfaceOrientationPortrait UIInterfaceOrientationLandscapeLeft UIInterfaceOrientationLandscapeRight";
				LD_RUNPATH_SEARCH_PATHS = (
					"$(inherited)",
					"@executable_path/Frameworks",
				);
				MARKETING_VERSION = 1.0;
				OTHER_LDFLAGS = "";
				"OTHER_LDFLAGS[arch=*]" = "-ObjC";
				PRODUCT_BUNDLE_IDENTIFIER = com.wisnu.kurniawan.wallee;
				PRODUCT_NAME = "$(TARGET_NAME)";
				SWIFT_EMIT_LOC_STRINGS = YES;
				SWIFT_VERSION = 5.0;
				TARGETED_DEVICE_FAMILY = "1,2";
			};
			name = Release;
		};
/* End XCBuildConfiguration section */

/* Begin XCConfigurationList section */
		36E2043428965BDD00BBC1B9 /* Build configuration list for PBXProject "wallee" */ = {
			isa = XCConfigurationList;
			buildConfigurations = (
				36E2044528965BDF00BBC1B9 /* Debug */,
				36E2044628965BDF00BBC1B9 /* Release */,
			);
			defaultConfigurationIsVisible = 0;
			defaultConfigurationName = Release;
		};
		36E2044728965BDF00BBC1B9 /* Build configuration list for PBXNativeTarget "wallee" */ = {
			isa = XCConfigurationList;
			buildConfigurations = (
				36E2044828965BDF00BBC1B9 /* Debug */,
				36E2044928965BDF00BBC1B9 /* Release */,
			);
			defaultConfigurationIsVisible = 0;
			defaultConfigurationName = Release;
		};
/* End XCConfigurationList section */

/* Begin XCRemoteSwiftPackageReference section */
		36AB12C1289E997B00436DE5 /* XCRemoteSwiftPackageReference "swift-composable-architecture" */ = {
			isa = XCRemoteSwiftPackageReference;
			repositoryURL = "https://github.com/pointfreeco/swift-composable-architecture";
			requirement = {
				kind = upToNextMajorVersion;
				minimumVersion = 0.9.0;
			};
		};
		36E204AD289A05B900BBC1B9 /* XCRemoteSwiftPackageReference "firebase-ios-sdk" */ = {
			isa = XCRemoteSwiftPackageReference;
			repositoryURL = "https://github.com/firebase/firebase-ios-sdk.git";
			requirement = {
				kind = upToNextMajorVersion;
				minimumVersion = 9.0.0;
			};
		};
/* End XCRemoteSwiftPackageReference section */

/* Begin XCSwiftPackageProductDependency section */
		36AB12C2289E997B00436DE5 /* ComposableArchitecture */ = {
			isa = XCSwiftPackageProductDependency;
			package = 36AB12C1289E997B00436DE5 /* XCRemoteSwiftPackageReference "swift-composable-architecture" */;
			productName = ComposableArchitecture;
		};
		36E204AE289A05B900BBC1B9 /* FirebaseAnalyticsWithoutAdIdSupport */ = {
			isa = XCSwiftPackageProductDependency;
			package = 36E204AD289A05B900BBC1B9 /* XCRemoteSwiftPackageReference "firebase-ios-sdk" */;
			productName = FirebaseAnalyticsWithoutAdIdSupport;
		};
		36E204B0289A05B900BBC1B9 /* FirebaseCrashlytics */ = {
			isa = XCSwiftPackageProductDependency;
			package = 36E204AD289A05B900BBC1B9 /* XCRemoteSwiftPackageReference "firebase-ios-sdk" */;
			productName = FirebaseCrashlytics;
		};
		36E204B2289A05B900BBC1B9 /* FirebasePerformance */ = {
			isa = XCSwiftPackageProductDependency;
			package = 36E204AD289A05B900BBC1B9 /* XCRemoteSwiftPackageReference "firebase-ios-sdk" */;
			productName = FirebasePerformance;
		};
/* End XCSwiftPackageProductDependency section */

/* Begin XCVersionGroup section */
		36E2044E2896606200BBC1B9 /* WalleeDb.xcdatamodeld */ = {
			isa = XCVersionGroup;
			children = (
				36E2044F2896606200BBC1B9 /* WalleeDb.xcdatamodel */,
			);
			currentVersion = 36E2044F2896606200BBC1B9 /* WalleeDb.xcdatamodel */;
			path = WalleeDb.xcdatamodeld;
			sourceTree = "<group>";
			versionGroupType = wrapper.xcdatamodel;
		};
/* End XCVersionGroup section */
	};
	rootObject = 36E2043128965BDD00BBC1B9 /* Project object */;
}
