// !$*UTF8*$!
{
	archiveVersion = 1;
	classes = {
	};
	objectVersion = 55;
	objects = {

/* Begin PBXBuildFile section */
		36E2043D28965BDD00BBC1B9 /* WalleeApp.swift in Sources */ = {isa = PBXBuildFile; fileRef = 36E2043C28965BDD00BBC1B9 /* WalleeApp.swift */; };
		36E2043F28965BDD00BBC1B9 /* ContentView.swift in Sources */ = {isa = PBXBuildFile; fileRef = 36E2043E28965BDD00BBC1B9 /* ContentView.swift */; };
		36E2044128965BDF00BBC1B9 /* Assets.xcassets in Resources */ = {isa = PBXBuildFile; fileRef = 36E2044028965BDF00BBC1B9 /* Assets.xcassets */; };
		36E2044428965BDF00BBC1B9 /* Preview Assets.xcassets in Resources */ = {isa = PBXBuildFile; fileRef = 36E2044328965BDF00BBC1B9 /* Preview Assets.xcassets */; };
		36E204502896606200BBC1B9 /* WalleeDb.xcdatamodeld in Sources */ = {isa = PBXBuildFile; fileRef = 36E2044E2896606200BBC1B9 /* WalleeDb.xcdatamodeld */; };
		36E204792896793800BBC1B9 /* AccountDb+CoreDataClass.swift in Sources */ = {isa = PBXBuildFile; fileRef = 36E204712896793800BBC1B9 /* AccountDb+CoreDataClass.swift */; };
		36E2047A2896793800BBC1B9 /* AccountDb+CoreDataProperties.swift in Sources */ = {isa = PBXBuildFile; fileRef = 36E204722896793800BBC1B9 /* AccountDb+CoreDataProperties.swift */; };
		36E2047B2896793800BBC1B9 /* TransactionDb+CoreDataClass.swift in Sources */ = {isa = PBXBuildFile; fileRef = 36E204732896793800BBC1B9 /* TransactionDb+CoreDataClass.swift */; };
		36E2047C2896793800BBC1B9 /* TransactionDb+CoreDataProperties.swift in Sources */ = {isa = PBXBuildFile; fileRef = 36E204742896793800BBC1B9 /* TransactionDb+CoreDataProperties.swift */; };
		36E2047D2896793800BBC1B9 /* TransactionRecordDb+CoreDataClass.swift in Sources */ = {isa = PBXBuildFile; fileRef = 36E204752896793800BBC1B9 /* TransactionRecordDb+CoreDataClass.swift */; };
		36E2047E2896793800BBC1B9 /* TransactionRecordDb+CoreDataProperties.swift in Sources */ = {isa = PBXBuildFile; fileRef = 36E204762896793800BBC1B9 /* TransactionRecordDb+CoreDataProperties.swift */; };
		36E2047F2896793800BBC1B9 /* AccountRecordDb+CoreDataClass.swift in Sources */ = {isa = PBXBuildFile; fileRef = 36E204772896793800BBC1B9 /* AccountRecordDb+CoreDataClass.swift */; };
		36E204802896793800BBC1B9 /* AccountRecordDb+CoreDataProperties.swift in Sources */ = {isa = PBXBuildFile; fileRef = 36E204782896793800BBC1B9 /* AccountRecordDb+CoreDataProperties.swift */; };
		36E2048328967DCA00BBC1B9 /* Loggr.swift in Sources */ = {isa = PBXBuildFile; fileRef = 36E2048228967DCA00BBC1B9 /* Loggr.swift */; };
		36E2048528967E6E00BBC1B9 /* Logging.swift in Sources */ = {isa = PBXBuildFile; fileRef = 36E2048428967E6E00BBC1B9 /* Logging.swift */; };
		36E204872896825E00BBC1B9 /* LogLevel.swift in Sources */ = {isa = PBXBuildFile; fileRef = 36E204862896825E00BBC1B9 /* LogLevel.swift */; };
		36E204892896858900BBC1B9 /* DebugLogging.swift in Sources */ = {isa = PBXBuildFile; fileRef = 36E204882896858900BBC1B9 /* DebugLogging.swift */; };
		36E2048C2896AC3E00BBC1B9 /* WalleeAppDelegate.swift in Sources */ = {isa = PBXBuildFile; fileRef = 36E2048B2896AC3E00BBC1B9 /* WalleeAppDelegate.swift */; };
		36E204922898B63600BBC1B9 /* LocalModule.swift in Sources */ = {isa = PBXBuildFile; fileRef = 36E204912898B63600BBC1B9 /* LocalModule.swift */; };
		36E204942898BC5800BBC1B9 /* PersistentSync.swift in Sources */ = {isa = PBXBuildFile; fileRef = 36E204932898BC5800BBC1B9 /* PersistentSync.swift */; };
		36E204962898C28400BBC1B9 /* LocalError.swift in Sources */ = {isa = PBXBuildFile; fileRef = 36E204952898C28400BBC1B9 /* LocalError.swift */; };
		36E204992898FE8400BBC1B9 /* NSPersistentContainer+Extension.swift in Sources */ = {isa = PBXBuildFile; fileRef = 36E204982898FE8400BBC1B9 /* NSPersistentContainer+Extension.swift */; };
		36E2049F2899E2CA00BBC1B9 /* LoggrInitializer.swift in Sources */ = {isa = PBXBuildFile; fileRef = 36E2049E2899E2CA00BBC1B9 /* LoggrInitializer.swift */; };
		36E204A12899E6D400BBC1B9 /* PersistentSyncInitializer.swift in Sources */ = {isa = PBXBuildFile; fileRef = 36E204A02899E6D400BBC1B9 /* PersistentSyncInitializer.swift */; };
		36E204A42899E93C00BBC1B9 /* Initializer.swift in Sources */ = {isa = PBXBuildFile; fileRef = 36E204A32899E93C00BBC1B9 /* Initializer.swift */; };
/* End PBXBuildFile section */

/* Begin PBXFileReference section */
		36E2043928965BDD00BBC1B9 /* wallee.app */ = {isa = PBXFileReference; explicitFileType = wrapper.application; includeInIndex = 0; path = wallee.app; sourceTree = BUILT_PRODUCTS_DIR; };
		36E2043C28965BDD00BBC1B9 /* WalleeApp.swift */ = {isa = PBXFileReference; lastKnownFileType = sourcecode.swift; path = WalleeApp.swift; sourceTree = "<group>"; };
		36E2043E28965BDD00BBC1B9 /* ContentView.swift */ = {isa = PBXFileReference; lastKnownFileType = sourcecode.swift; path = ContentView.swift; sourceTree = "<group>"; };
		36E2044028965BDF00BBC1B9 /* Assets.xcassets */ = {isa = PBXFileReference; lastKnownFileType = folder.assetcatalog; path = Assets.xcassets; sourceTree = "<group>"; };
		36E2044328965BDF00BBC1B9 /* Preview Assets.xcassets */ = {isa = PBXFileReference; lastKnownFileType = folder.assetcatalog; path = "Preview Assets.xcassets"; sourceTree = "<group>"; };
		36E2044F2896606200BBC1B9 /* WalleeDb.xcdatamodel */ = {isa = PBXFileReference; lastKnownFileType = wrapper.xcdatamodel; path = WalleeDb.xcdatamodel; sourceTree = "<group>"; };
		36E204712896793800BBC1B9 /* AccountDb+CoreDataClass.swift */ = {isa = PBXFileReference; lastKnownFileType = sourcecode.swift; path = "AccountDb+CoreDataClass.swift"; sourceTree = "<group>"; };
		36E204722896793800BBC1B9 /* AccountDb+CoreDataProperties.swift */ = {isa = PBXFileReference; lastKnownFileType = sourcecode.swift; path = "AccountDb+CoreDataProperties.swift"; sourceTree = "<group>"; };
		36E204732896793800BBC1B9 /* TransactionDb+CoreDataClass.swift */ = {isa = PBXFileReference; lastKnownFileType = sourcecode.swift; path = "TransactionDb+CoreDataClass.swift"; sourceTree = "<group>"; };
		36E204742896793800BBC1B9 /* TransactionDb+CoreDataProperties.swift */ = {isa = PBXFileReference; lastKnownFileType = sourcecode.swift; path = "TransactionDb+CoreDataProperties.swift"; sourceTree = "<group>"; };
		36E204752896793800BBC1B9 /* TransactionRecordDb+CoreDataClass.swift */ = {isa = PBXFileReference; lastKnownFileType = sourcecode.swift; path = "TransactionRecordDb+CoreDataClass.swift"; sourceTree = "<group>"; };
		36E204762896793800BBC1B9 /* TransactionRecordDb+CoreDataProperties.swift */ = {isa = PBXFileReference; lastKnownFileType = sourcecode.swift; path = "TransactionRecordDb+CoreDataProperties.swift"; sourceTree = "<group>"; };
		36E204772896793800BBC1B9 /* AccountRecordDb+CoreDataClass.swift */ = {isa = PBXFileReference; lastKnownFileType = sourcecode.swift; path = "AccountRecordDb+CoreDataClass.swift"; sourceTree = "<group>"; };
		36E204782896793800BBC1B9 /* AccountRecordDb+CoreDataProperties.swift */ = {isa = PBXFileReference; lastKnownFileType = sourcecode.swift; path = "AccountRecordDb+CoreDataProperties.swift"; sourceTree = "<group>"; };
		36E2048228967DCA00BBC1B9 /* Loggr.swift */ = {isa = PBXFileReference; lastKnownFileType = sourcecode.swift; path = Loggr.swift; sourceTree = "<group>"; };
		36E2048428967E6E00BBC1B9 /* Logging.swift */ = {isa = PBXFileReference; lastKnownFileType = sourcecode.swift; path = Logging.swift; sourceTree = "<group>"; };
		36E204862896825E00BBC1B9 /* LogLevel.swift */ = {isa = PBXFileReference; lastKnownFileType = sourcecode.swift; path = LogLevel.swift; sourceTree = "<group>"; };
		36E204882896858900BBC1B9 /* DebugLogging.swift */ = {isa = PBXFileReference; lastKnownFileType = sourcecode.swift; path = DebugLogging.swift; sourceTree = "<group>"; };
		36E2048B2896AC3E00BBC1B9 /* WalleeAppDelegate.swift */ = {isa = PBXFileReference; lastKnownFileType = sourcecode.swift; path = WalleeAppDelegate.swift; sourceTree = "<group>"; };
		36E2048F2896B47B00BBC1B9 /* Info.plist */ = {isa = PBXFileReference; lastKnownFileType = text.plist.xml; path = Info.plist; sourceTree = "<group>"; };
		36E204912898B63600BBC1B9 /* LocalModule.swift */ = {isa = PBXFileReference; lastKnownFileType = sourcecode.swift; path = LocalModule.swift; sourceTree = "<group>"; };
		36E204932898BC5800BBC1B9 /* PersistentSync.swift */ = {isa = PBXFileReference; lastKnownFileType = sourcecode.swift; path = PersistentSync.swift; sourceTree = "<group>"; };
		36E204952898C28400BBC1B9 /* LocalError.swift */ = {isa = PBXFileReference; lastKnownFileType = sourcecode.swift; path = LocalError.swift; sourceTree = "<group>"; };
		36E204982898FE8400BBC1B9 /* NSPersistentContainer+Extension.swift */ = {isa = PBXFileReference; lastKnownFileType = sourcecode.swift; path = "NSPersistentContainer+Extension.swift"; sourceTree = "<group>"; };
		36E2049E2899E2CA00BBC1B9 /* LoggrInitializer.swift */ = {isa = PBXFileReference; lastKnownFileType = sourcecode.swift; path = LoggrInitializer.swift; sourceTree = "<group>"; };
		36E204A02899E6D400BBC1B9 /* PersistentSyncInitializer.swift */ = {isa = PBXFileReference; lastKnownFileType = sourcecode.swift; path = PersistentSyncInitializer.swift; sourceTree = "<group>"; };
		36E204A32899E93C00BBC1B9 /* Initializer.swift */ = {isa = PBXFileReference; lastKnownFileType = sourcecode.swift; path = Initializer.swift; sourceTree = "<group>"; };
/* End PBXFileReference section */

/* Begin PBXFrameworksBuildPhase section */
		36E2043628965BDD00BBC1B9 /* Frameworks */ = {
			isa = PBXFrameworksBuildPhase;
			buildActionMask = 2147483647;
			files = (
			);
			runOnlyForDeploymentPostprocessing = 0;
		};
/* End PBXFrameworksBuildPhase section */

/* Begin PBXGroup section */
		36E2043028965BDD00BBC1B9 = {
			isa = PBXGroup;
			children = (
				36E2043B28965BDD00BBC1B9 /* wallee */,
				36E2043A28965BDD00BBC1B9 /* Products */,
			);
			sourceTree = "<group>";
		};
		36E2043A28965BDD00BBC1B9 /* Products */ = {
			isa = PBXGroup;
			children = (
				36E2043928965BDD00BBC1B9 /* wallee.app */,
			);
			name = Products;
			sourceTree = "<group>";
		};
		36E2043B28965BDD00BBC1B9 /* wallee */ = {
			isa = PBXGroup;
			children = (
				36E2044028965BDF00BBC1B9 /* Assets.xcassets */,
				36E2044A28965DE300BBC1B9 /* foundation */,
				36E2048A2896A73500BBC1B9 /* runtime */,
				36E2044228965BDF00BBC1B9 /* Preview Content */,
				36E2048F2896B47B00BBC1B9 /* Info.plist */,
			);
			path = wallee;
			sourceTree = "<group>";
		};
		36E2044228965BDF00BBC1B9 /* Preview Content */ = {
			isa = PBXGroup;
			children = (
				36E2044328965BDF00BBC1B9 /* Preview Assets.xcassets */,
			);
			path = "Preview Content";
			sourceTree = "<group>";
		};
		36E2044A28965DE300BBC1B9 /* foundation */ = {
			isa = PBXGroup;
			children = (
				36E2048128967D9E00BBC1B9 /* logger */,
				36E2044B28965E0100BBC1B9 /* datasource */,
				36E204A22899E92B00BBC1B9 /* startup */,
			);
			path = foundation;
			sourceTree = "<group>";
		};
		36E2044B28965E0100BBC1B9 /* datasource */ = {
			isa = PBXGroup;
			children = (
				36E204902898B61E00BBC1B9 /* di */,
				36E204972898FE4900BBC1B9 /* extension */,
				36E2044C28965E1300BBC1B9 /* local */,
				36E2044D28965E1B00BBC1B9 /* preference */,
			);
			path = datasource;
			sourceTree = "<group>";
		};
		36E2044C28965E1300BBC1B9 /* local */ = {
			isa = PBXGroup;
			children = (
				36E204932898BC5800BBC1B9 /* PersistentSync.swift */,
				36E204952898C28400BBC1B9 /* LocalError.swift */,
				36E204712896793800BBC1B9 /* AccountDb+CoreDataClass.swift */,
				36E204732896793800BBC1B9 /* TransactionDb+CoreDataClass.swift */,
				36E204772896793800BBC1B9 /* AccountRecordDb+CoreDataClass.swift */,
				36E204752896793800BBC1B9 /* TransactionRecordDb+CoreDataClass.swift */,
				36E204722896793800BBC1B9 /* AccountDb+CoreDataProperties.swift */,
				36E204742896793800BBC1B9 /* TransactionDb+CoreDataProperties.swift */,
				36E204762896793800BBC1B9 /* TransactionRecordDb+CoreDataProperties.swift */,
				36E204782896793800BBC1B9 /* AccountRecordDb+CoreDataProperties.swift */,
				36E2044E2896606200BBC1B9 /* WalleeDb.xcdatamodeld */,
			);
			path = local;
			sourceTree = "<group>";
		};
		36E2044D28965E1B00BBC1B9 /* preference */ = {
			isa = PBXGroup;
			children = (
			);
			path = preference;
			sourceTree = "<group>";
		};
		36E2048128967D9E00BBC1B9 /* logger */ = {
			isa = PBXGroup;
			children = (
				36E2048228967DCA00BBC1B9 /* Loggr.swift */,
				36E2048428967E6E00BBC1B9 /* Logging.swift */,
				36E204862896825E00BBC1B9 /* LogLevel.swift */,
				36E204882896858900BBC1B9 /* DebugLogging.swift */,
			);
			path = logger;
			sourceTree = "<group>";
		};
		36E2048A2896A73500BBC1B9 /* runtime */ = {
			isa = PBXGroup;
			children = (
				36E2049D2899E2A500BBC1B9 /* initializer */,
				36E2048B2896AC3E00BBC1B9 /* WalleeAppDelegate.swift */,
				36E2043C28965BDD00BBC1B9 /* WalleeApp.swift */,
				36E2043E28965BDD00BBC1B9 /* ContentView.swift */,
			);
			path = runtime;
			sourceTree = "<group>";
		};
		36E204902898B61E00BBC1B9 /* di */ = {
			isa = PBXGroup;
			children = (
				36E204912898B63600BBC1B9 /* LocalModule.swift */,
			);
			path = di;
			sourceTree = "<group>";
		};
		36E204972898FE4900BBC1B9 /* extension */ = {
			isa = PBXGroup;
			children = (
				36E204982898FE8400BBC1B9 /* NSPersistentContainer+Extension.swift */,
			);
			path = extension;
			sourceTree = "<group>";
		};
		36E2049D2899E2A500BBC1B9 /* initializer */ = {
			isa = PBXGroup;
			children = (
				36E2049E2899E2CA00BBC1B9 /* LoggrInitializer.swift */,
				36E204A02899E6D400BBC1B9 /* PersistentSyncInitializer.swift */,
			);
			path = initializer;
			sourceTree = "<group>";
		};
		36E204A22899E92B00BBC1B9 /* startup */ = {
			isa = PBXGroup;
			children = (
				36E204A32899E93C00BBC1B9 /* Initializer.swift */,
			);
			path = startup;
			sourceTree = "<group>";
		};
/* End PBXGroup section */

/* Begin PBXNativeTarget section */
		36E2043828965BDD00BBC1B9 /* wallee */ = {
			isa = PBXNativeTarget;
			buildConfigurationList = 36E2044728965BDF00BBC1B9 /* Build configuration list for PBXNativeTarget "wallee" */;
			buildPhases = (
				36E2043528965BDD00BBC1B9 /* Sources */,
				36E2043628965BDD00BBC1B9 /* Frameworks */,
				36E2043728965BDD00BBC1B9 /* Resources */,
			);
			buildRules = (
			);
			dependencies = (
			);
			name = wallee;
			productName = wallee;
			productReference = 36E2043928965BDD00BBC1B9 /* wallee.app */;
			productType = "com.apple.product-type.application";
		};
/* End PBXNativeTarget section */

/* Begin PBXProject section */
		36E2043128965BDD00BBC1B9 /* Project object */ = {
			isa = PBXProject;
			attributes = {
				BuildIndependentTargetsInParallel = 1;
				LastSwiftUpdateCheck = 1320;
				LastUpgradeCheck = 1320;
				TargetAttributes = {
					36E2043828965BDD00BBC1B9 = {
						CreatedOnToolsVersion = 13.2.1;
					};
				};
			};
			buildConfigurationList = 36E2043428965BDD00BBC1B9 /* Build configuration list for PBXProject "wallee" */;
			compatibilityVersion = "Xcode 13.0";
			developmentRegion = en;
			hasScannedForEncodings = 0;
			knownRegions = (
				en,
				Base,
			);
			mainGroup = 36E2043028965BDD00BBC1B9;
			productRefGroup = 36E2043A28965BDD00BBC1B9 /* Products */;
			projectDirPath = "";
			projectRoot = "";
			targets = (
				36E2043828965BDD00BBC1B9 /* wallee */,
			);
		};
/* End PBXProject section */

/* Begin PBXResourcesBuildPhase section */
		36E2043728965BDD00BBC1B9 /* Resources */ = {
			isa = PBXResourcesBuildPhase;
			buildActionMask = 2147483647;
			files = (
				36E2044428965BDF00BBC1B9 /* Preview Assets.xcassets in Resources */,
				36E2044128965BDF00BBC1B9 /* Assets.xcassets in Resources */,
			);
			runOnlyForDeploymentPostprocessing = 0;
		};
/* End PBXResourcesBuildPhase section */

/* Begin PBXSourcesBuildPhase section */
		36E2043528965BDD00BBC1B9 /* Sources */ = {
			isa = PBXSourcesBuildPhase;
			buildActionMask = 2147483647;
			files = (
				36E2047E2896793800BBC1B9 /* TransactionRecordDb+CoreDataProperties.swift in Sources */,
				36E2048528967E6E00BBC1B9 /* Logging.swift in Sources */,
				36E204942898BC5800BBC1B9 /* PersistentSync.swift in Sources */,
				36E2047B2896793800BBC1B9 /* TransactionDb+CoreDataClass.swift in Sources */,
				36E2047F2896793800BBC1B9 /* AccountRecordDb+CoreDataClass.swift in Sources */,
				36E204992898FE8400BBC1B9 /* NSPersistentContainer+Extension.swift in Sources */,
				36E2047D2896793800BBC1B9 /* TransactionRecordDb+CoreDataClass.swift in Sources */,
				36E2047A2896793800BBC1B9 /* AccountDb+CoreDataProperties.swift in Sources */,
				36E2047C2896793800BBC1B9 /* TransactionDb+CoreDataProperties.swift in Sources */,
				36E2043F28965BDD00BBC1B9 /* ContentView.swift in Sources */,
				36E204922898B63600BBC1B9 /* LocalModule.swift in Sources */,
				36E2048C2896AC3E00BBC1B9 /* WalleeAppDelegate.swift in Sources */,
				36E204962898C28400BBC1B9 /* LocalError.swift in Sources */,
				36E204872896825E00BBC1B9 /* LogLevel.swift in Sources */,
				36E204A12899E6D400BBC1B9 /* PersistentSyncInitializer.swift in Sources */,
				36E204502896606200BBC1B9 /* WalleeDb.xcdatamodeld in Sources */,
				36E204A42899E93C00BBC1B9 /* Initializer.swift in Sources */,
				36E204802896793800BBC1B9 /* AccountRecordDb+CoreDataProperties.swift in Sources */,
				36E2048328967DCA00BBC1B9 /* Loggr.swift in Sources */,
				36E2043D28965BDD00BBC1B9 /* WalleeApp.swift in Sources */,
				36E204892896858900BBC1B9 /* DebugLogging.swift in Sources */,
				36E2049F2899E2CA00BBC1B9 /* LoggrInitializer.swift in Sources */,
				36E204792896793800BBC1B9 /* AccountDb+CoreDataClass.swift in Sources */,
			);
			runOnlyForDeploymentPostprocessing = 0;
		};
/* End PBXSourcesBuildPhase section */

/* Begin XCBuildConfiguration section */
		36E2044528965BDF00BBC1B9 /* Debug */ = {
			isa = XCBuildConfiguration;
			buildSettings = {
				ALWAYS_SEARCH_USER_PATHS = NO;
				APP_DISPLAY_NAME = "Wallee Debug";
				CLANG_ANALYZER_NONNULL = YES;
				CLANG_ANALYZER_NUMBER_OBJECT_CONVERSION = YES_AGGRESSIVE;
				CLANG_CXX_LANGUAGE_STANDARD = "gnu++17";
				CLANG_CXX_LIBRARY = "libc++";
				CLANG_ENABLE_MODULES = YES;
				CLANG_ENABLE_OBJC_ARC = YES;
				CLANG_ENABLE_OBJC_WEAK = YES;
				CLANG_WARN_BLOCK_CAPTURE_AUTORELEASING = YES;
				CLANG_WARN_BOOL_CONVERSION = YES;
				CLANG_WARN_COMMA = YES;
				CLANG_WARN_CONSTANT_CONVERSION = YES;
				CLANG_WARN_DEPRECATED_OBJC_IMPLEMENTATIONS = YES;
				CLANG_WARN_DIRECT_OBJC_ISA_USAGE = YES_ERROR;
				CLANG_WARN_DOCUMENTATION_COMMENTS = YES;
				CLANG_WARN_EMPTY_BODY = YES;
				CLANG_WARN_ENUM_CONVERSION = YES;
				CLANG_WARN_INFINITE_RECURSION = YES;
				CLANG_WARN_INT_CONVERSION = YES;
				CLANG_WARN_NON_LITERAL_NULL_CONVERSION = YES;
				CLANG_WARN_OBJC_IMPLICIT_RETAIN_SELF = YES;
				CLANG_WARN_OBJC_LITERAL_CONVERSION = YES;
				CLANG_WARN_OBJC_ROOT_CLASS = YES_ERROR;
				CLANG_WARN_QUOTED_INCLUDE_IN_FRAMEWORK_HEADER = YES;
				CLANG_WARN_RANGE_LOOP_ANALYSIS = YES;
				CLANG_WARN_STRICT_PROTOTYPES = YES;
				CLANG_WARN_SUSPICIOUS_MOVE = YES;
				CLANG_WARN_UNGUARDED_AVAILABILITY = YES_AGGRESSIVE;
				CLANG_WARN_UNREACHABLE_CODE = YES;
				CLANG_WARN__DUPLICATE_METHOD_MATCH = YES;
				COPY_PHASE_STRIP = NO;
				DEBUG_INFORMATION_FORMAT = dwarf;
				ENABLE_STRICT_OBJC_MSGSEND = YES;
				ENABLE_TESTABILITY = YES;
				GCC_C_LANGUAGE_STANDARD = gnu11;
				GCC_DYNAMIC_NO_PIC = NO;
				GCC_NO_COMMON_BLOCKS = YES;
				GCC_OPTIMIZATION_LEVEL = 0;
				GCC_PREPROCESSOR_DEFINITIONS = (
					"DEBUG=1",
					"$(inherited)",
				);
				GCC_WARN_64_TO_32_BIT_CONVERSION = YES;
				GCC_WARN_ABOUT_RETURN_TYPE = YES_ERROR;
				GCC_WARN_UNDECLARED_SELECTOR = YES;
				GCC_WARN_UNINITIALIZED_AUTOS = YES_AGGRESSIVE;
				GCC_WARN_UNUSED_FUNCTION = YES;
				GCC_WARN_UNUSED_VARIABLE = YES;
				IPHONEOS_DEPLOYMENT_TARGET = 15.0;
				MTL_ENABLE_DEBUG_INFO = INCLUDE_SOURCE;
				MTL_FAST_MATH = YES;
				ONLY_ACTIVE_ARCH = YES;
				SDKROOT = iphoneos;
				SWIFT_ACTIVE_COMPILATION_CONDITIONS = DEBUG;
				SWIFT_OPTIMIZATION_LEVEL = "-Onone";
			};
			name = Debug;
		};
		36E2044628965BDF00BBC1B9 /* Release */ = {
			isa = XCBuildConfiguration;
			buildSettings = {
				ALWAYS_SEARCH_USER_PATHS = NO;
				APP_DISPLAY_NAME = Wallee;
				CLANG_ANALYZER_NONNULL = YES;
				CLANG_ANALYZER_NUMBER_OBJECT_CONVERSION = YES_AGGRESSIVE;
				CLANG_CXX_LANGUAGE_STANDARD = "gnu++17";
				CLANG_CXX_LIBRARY = "libc++";
				CLANG_ENABLE_MODULES = YES;
				CLANG_ENABLE_OBJC_ARC = YES;
				CLANG_ENABLE_OBJC_WEAK = YES;
				CLANG_WARN_BLOCK_CAPTURE_AUTORELEASING = YES;
				CLANG_WARN_BOOL_CONVERSION = YES;
				CLANG_WARN_COMMA = YES;
				CLANG_WARN_CONSTANT_CONVERSION = YES;
				CLANG_WARN_DEPRECATED_OBJC_IMPLEMENTATIONS = YES;
				CLANG_WARN_DIRECT_OBJC_ISA_USAGE = YES_ERROR;
				CLANG_WARN_DOCUMENTATION_COMMENTS = YES;
				CLANG_WARN_EMPTY_BODY = YES;
				CLANG_WARN_ENUM_CONVERSION = YES;
				CLANG_WARN_INFINITE_RECURSION = YES;
				CLANG_WARN_INT_CONVERSION = YES;
				CLANG_WARN_NON_LITERAL_NULL_CONVERSION = YES;
				CLANG_WARN_OBJC_IMPLICIT_RETAIN_SELF = YES;
				CLANG_WARN_OBJC_LITERAL_CONVERSION = YES;
				CLANG_WARN_OBJC_ROOT_CLASS = YES_ERROR;
				CLANG_WARN_QUOTED_INCLUDE_IN_FRAMEWORK_HEADER = YES;
				CLANG_WARN_RANGE_LOOP_ANALYSIS = YES;
				CLANG_WARN_STRICT_PROTOTYPES = YES;
				CLANG_WARN_SUSPICIOUS_MOVE = YES;
				CLANG_WARN_UNGUARDED_AVAILABILITY = YES_AGGRESSIVE;
				CLANG_WARN_UNREACHABLE_CODE = YES;
				CLANG_WARN__DUPLICATE_METHOD_MATCH = YES;
				COPY_PHASE_STRIP = NO;
				DEBUG_INFORMATION_FORMAT = "dwarf-with-dsym";
				ENABLE_NS_ASSERTIONS = NO;
				ENABLE_STRICT_OBJC_MSGSEND = YES;
				GCC_C_LANGUAGE_STANDARD = gnu11;
				GCC_NO_COMMON_BLOCKS = YES;
				GCC_WARN_64_TO_32_BIT_CONVERSION = YES;
				GCC_WARN_ABOUT_RETURN_TYPE = YES_ERROR;
				GCC_WARN_UNDECLARED_SELECTOR = YES;
				GCC_WARN_UNINITIALIZED_AUTOS = YES_AGGRESSIVE;
				GCC_WARN_UNUSED_FUNCTION = YES;
				GCC_WARN_UNUSED_VARIABLE = YES;
				IPHONEOS_DEPLOYMENT_TARGET = 15.0;
				MTL_ENABLE_DEBUG_INFO = NO;
				MTL_FAST_MATH = YES;
				SDKROOT = iphoneos;
				SWIFT_COMPILATION_MODE = wholemodule;
				SWIFT_OPTIMIZATION_LEVEL = "-O";
				VALIDATE_PRODUCT = YES;
			};
			name = Release;
		};
		36E2044828965BDF00BBC1B9 /* Debug */ = {
			isa = XCBuildConfiguration;
			buildSettings = {
				ASSETCATALOG_COMPILER_APPICON_NAME = AppIcon;
				ASSETCATALOG_COMPILER_GLOBAL_ACCENT_COLOR_NAME = AccentColor;
				ASSETCATALOG_COMPILER_INCLUDE_ALL_APPICON_ASSETS = NO;
				CODE_SIGN_STYLE = Automatic;
				CURRENT_PROJECT_VERSION = 1;
				DEVELOPMENT_ASSET_PATHS = "\"wallee/Preview Content\"";
				DEVELOPMENT_TEAM = Y225V8UXTQ;
				ENABLE_PREVIEWS = YES;
				GENERATE_INFOPLIST_FILE = YES;
				INFOPLIST_FILE = wallee/Info.plist;
				INFOPLIST_KEY_UIApplicationSceneManifest_Generation = YES;
				INFOPLIST_KEY_UIApplicationSupportsIndirectInputEvents = YES;
				INFOPLIST_KEY_UILaunchScreen_Generation = YES;
				INFOPLIST_KEY_UISupportedInterfaceOrientations_iPad = "UIInterfaceOrientationPortrait UIInterfaceOrientationPortraitUpsideDown UIInterfaceOrientationLandscapeLeft UIInterfaceOrientationLandscapeRight";
				INFOPLIST_KEY_UISupportedInterfaceOrientations_iPhone = "UIInterfaceOrientationPortrait UIInterfaceOrientationLandscapeLeft UIInterfaceOrientationLandscapeRight";
				LD_RUNPATH_SEARCH_PATHS = (
					"$(inherited)",
					"@executable_path/Frameworks",
				);
				MARKETING_VERSION = 1.0;
				PRODUCT_BUNDLE_IDENTIFIER = com.wisnu.kurniawan.wallee;
				PRODUCT_NAME = "$(TARGET_NAME)";
				SWIFT_EMIT_LOC_STRINGS = YES;
				SWIFT_VERSION = 5.0;
				TARGETED_DEVICE_FAMILY = "1,2";
			};
			name = Debug;
		};
		36E2044928965BDF00BBC1B9 /* Release */ = {
			isa = XCBuildConfiguration;
			buildSettings = {
				ASSETCATALOG_COMPILER_APPICON_NAME = AppIcon;
				ASSETCATALOG_COMPILER_GLOBAL_ACCENT_COLOR_NAME = AccentColor;
				ASSETCATALOG_COMPILER_INCLUDE_ALL_APPICON_ASSETS = NO;
				CODE_SIGN_STYLE = Automatic;
				CURRENT_PROJECT_VERSION = 1;
				DEVELOPMENT_ASSET_PATHS = "\"wallee/Preview Content\"";
				DEVELOPMENT_TEAM = Y225V8UXTQ;
				ENABLE_PREVIEWS = YES;
				GENERATE_INFOPLIST_FILE = YES;
				INFOPLIST_FILE = wallee/Info.plist;
				INFOPLIST_KEY_UIApplicationSceneManifest_Generation = YES;
				INFOPLIST_KEY_UIApplicationSupportsIndirectInputEvents = YES;
				INFOPLIST_KEY_UILaunchScreen_Generation = YES;
				INFOPLIST_KEY_UISupportedInterfaceOrientations_iPad = "UIInterfaceOrientationPortrait UIInterfaceOrientationPortraitUpsideDown UIInterfaceOrientationLandscapeLeft UIInterfaceOrientationLandscapeRight";
				INFOPLIST_KEY_UISupportedInterfaceOrientations_iPhone = "UIInterfaceOrientationPortrait UIInterfaceOrientationLandscapeLeft UIInterfaceOrientationLandscapeRight";
				LD_RUNPATH_SEARCH_PATHS = (
					"$(inherited)",
					"@executable_path/Frameworks",
				);
				MARKETING_VERSION = 1.0;
				PRODUCT_BUNDLE_IDENTIFIER = com.wisnu.kurniawan.wallee;
				PRODUCT_NAME = "$(TARGET_NAME)";
				SWIFT_EMIT_LOC_STRINGS = YES;
				SWIFT_VERSION = 5.0;
				TARGETED_DEVICE_FAMILY = "1,2";
			};
			name = Release;
		};
/* End XCBuildConfiguration section */

/* Begin XCConfigurationList section */
		36E2043428965BDD00BBC1B9 /* Build configuration list for PBXProject "wallee" */ = {
			isa = XCConfigurationList;
			buildConfigurations = (
				36E2044528965BDF00BBC1B9 /* Debug */,
				36E2044628965BDF00BBC1B9 /* Release */,
			);
			defaultConfigurationIsVisible = 0;
			defaultConfigurationName = Release;
		};
		36E2044728965BDF00BBC1B9 /* Build configuration list for PBXNativeTarget "wallee" */ = {
			isa = XCConfigurationList;
			buildConfigurations = (
				36E2044828965BDF00BBC1B9 /* Debug */,
				36E2044928965BDF00BBC1B9 /* Release */,
			);
			defaultConfigurationIsVisible = 0;
			defaultConfigurationName = Release;
		};
/* End XCConfigurationList section */

/* Begin XCVersionGroup section */
		36E2044E2896606200BBC1B9 /* WalleeDb.xcdatamodeld */ = {
			isa = XCVersionGroup;
			children = (
				36E2044F2896606200BBC1B9 /* WalleeDb.xcdatamodel */,
			);
			currentVersion = 36E2044F2896606200BBC1B9 /* WalleeDb.xcdatamodel */;
			path = WalleeDb.xcdatamodeld;
			sourceTree = "<group>";
			versionGroupType = wrapper.xcdatamodel;
		};
/* End XCVersionGroup section */
	};
	rootObject = 36E2043128965BDD00BBC1B9 /* Project object */;
}
